// !$*UTF8*$!
{
	archiveVersion = 1;
	classes = {
	};
	objectVersion = 46;
	objects = {

/* Begin PBXBuildFile section */
		FFEC8F831F1E5B0700E961DA /* main.m in Sources */ = {isa = PBXBuildFile; fileRef = FFEC8F821F1E5B0700E961DA /* main.m */; };
		FFEC8F861F1E5B0700E961DA /* AppDelegate.m in Sources */ = {isa = PBXBuildFile; fileRef = FFEC8F851F1E5B0700E961DA /* AppDelegate.m */; };
		FFEC8F891F1E5B0700E961DA /* ViewController.m in Sources */ = {isa = PBXBuildFile; fileRef = FFEC8F881F1E5B0700E961DA /* ViewController.m */; };
		FFEC8F8C1F1E5B0700E961DA /* Main.storyboard in Resources */ = {isa = PBXBuildFile; fileRef = FFEC8F8A1F1E5B0700E961DA /* Main.storyboard */; };
		FFEC8F8E1F1E5B0700E961DA /* Assets.xcassets in Resources */ = {isa = PBXBuildFile; fileRef = FFEC8F8D1F1E5B0700E961DA /* Assets.xcassets */; };
		FFEC8F911F1E5B0700E961DA /* LaunchScreen.storyboard in Resources */ = {isa = PBXBuildFile; fileRef = FFEC8F8F1F1E5B0700E961DA /* LaunchScreen.storyboard */; };
		FFEC8F9A1F1E5C0400E961DA /* PhotoCollectionViewCell.m in Sources */ = {isa = PBXBuildFile; fileRef = FFEC8F991F1E5C0400E961DA /* PhotoCollectionViewCell.m */; };
		FFEC8F9D1F1E5C7900E961DA /* Photo.m in Sources */ = {isa = PBXBuildFile; fileRef = FFEC8F9C1F1E5C7900E961DA /* Photo.m */; };
/* End PBXBuildFile section */

/* Begin PBXFileReference section */
		FFEC8F7E1F1E5B0700E961DA /* Cat Map.app */ = {isa = PBXFileReference; explicitFileType = wrapper.application; includeInIndex = 0; path = "Cat Map.app"; sourceTree = BUILT_PRODUCTS_DIR; };
		FFEC8F821F1E5B0700E961DA /* main.m */ = {isa = PBXFileReference; lastKnownFileType = sourcecode.c.objc; path = main.m; sourceTree = "<group>"; };
		FFEC8F841F1E5B0700E961DA /* AppDelegate.h */ = {isa = PBXFileReference; lastKnownFileType = sourcecode.c.h; path = AppDelegate.h; sourceTree = "<group>"; };
		FFEC8F851F1E5B0700E961DA /* AppDelegate.m */ = {isa = PBXFileReference; lastKnownFileType = sourcecode.c.objc; path = AppDelegate.m; sourceTree = "<group>"; };
		FFEC8F871F1E5B0700E961DA /* ViewController.h */ = {isa = PBXFileReference; lastKnownFileType = sourcecode.c.h; path = ViewController.h; sourceTree = "<group>"; };
		FFEC8F881F1E5B0700E961DA /* ViewController.m */ = {isa = PBXFileReference; lastKnownFileType = sourcecode.c.objc; path = ViewController.m; sourceTree = "<group>"; };
		FFEC8F8B1F1E5B0700E961DA /* Base */ = {isa = PBXFileReference; lastKnownFileType = file.storyboard; name = Base; path = Base.lproj/Main.storyboard; sourceTree = "<group>"; };
		FFEC8F8D1F1E5B0700E961DA /* Assets.xcassets */ = {isa = PBXFileReference; lastKnownFileType = folder.assetcatalog; path = Assets.xcassets; sourceTree = "<group>"; };
		FFEC8F901F1E5B0700E961DA /* Base */ = {isa = PBXFileReference; lastKnownFileType = file.storyboard; name = Base; path = Base.lproj/LaunchScreen.storyboard; sourceTree = "<group>"; };
		FFEC8F921F1E5B0700E961DA /* Info.plist */ = {isa = PBXFileReference; lastKnownFileType = text.plist.xml; path = Info.plist; sourceTree = "<group>"; };
		FFEC8F981F1E5C0400E961DA /* PhotoCollectionViewCell.h */ = {isa = PBXFileReference; fileEncoding = 4; lastKnownFileType = sourcecode.c.h; path = PhotoCollectionViewCell.h; sourceTree = "<group>"; };
		FFEC8F991F1E5C0400E961DA /* PhotoCollectionViewCell.m */ = {isa = PBXFileReference; fileEncoding = 4; lastKnownFileType = sourcecode.c.objc; path = PhotoCollectionViewCell.m; sourceTree = "<group>"; };
		FFEC8F9B1F1E5C7900E961DA /* Photo.h */ = {isa = PBXFileReference; fileEncoding = 4; lastKnownFileType = sourcecode.c.h; path = Photo.h; sourceTree = "<group>"; };
		FFEC8F9C1F1E5C7900E961DA /* Photo.m */ = {isa = PBXFileReference; fileEncoding = 4; lastKnownFileType = sourcecode.c.objc; path = Photo.m; sourceTree = "<group>"; };
/* End PBXFileReference section */

/* Begin PBXFrameworksBuildPhase section */
		FFEC8F7B1F1E5B0700E961DA /* Frameworks */ = {
			isa = PBXFrameworksBuildPhase;
			buildActionMask = 2147483647;
			files = (
			);
			runOnlyForDeploymentPostprocessing = 0;
		};
/* End PBXFrameworksBuildPhase section */

/* Begin PBXGroup section */
		FFEC8F751F1E5B0700E961DA = {
			isa = PBXGroup;
			children = (
				FFEC8F801F1E5B0700E961DA /* Cat Map */,
				FFEC8F7F1F1E5B0700E961DA /* Products */,
			);
			sourceTree = "<group>";
		};
		FFEC8F7F1F1E5B0700E961DA /* Products */ = {
			isa = PBXGroup;
			children = (
				FFEC8F7E1F1E5B0700E961DA /* Cat Map.app */,
			);
			name = Products;
			sourceTree = "<group>";
		};
		FFEC8F801F1E5B0700E961DA /* Cat Map */ = {
			isa = PBXGroup;
			children = (
				FFEC8F871F1E5B0700E961DA /* ViewController.h */,
				FFEC8F881F1E5B0700E961DA /* ViewController.m */,
				FFEC8F981F1E5C0400E961DA /* PhotoCollectionViewCell.h */,
				FFEC8F991F1E5C0400E961DA /* PhotoCollectionViewCell.m */,
				FFEC8F9B1F1E5C7900E961DA /* Photo.h */,
				FFEC8F9C1F1E5C7900E961DA /* Photo.m */,
				FFEC8F8A1F1E5B0700E961DA /* Main.storyboard */,
				FFEC8F8D1F1E5B0700E961DA /* Assets.xcassets */,
				FFEC8F811F1E5B0700E961DA /* Supporting Files */,
			);
			path = "Cat Map";
			sourceTree = "<group>";
		};
		FFEC8F811F1E5B0700E961DA /* Supporting Files */ = {
			isa = PBXGroup;
			children = (
				FFEC8F8F1F1E5B0700E961DA /* LaunchScreen.storyboard */,
				FFEC8F921F1E5B0700E961DA /* Info.plist */,
				FFEC8F841F1E5B0700E961DA /* AppDelegate.h */,
				FFEC8F851F1E5B0700E961DA /* AppDelegate.m */,
				FFEC8F821F1E5B0700E961DA /* main.m */,
			);
			name = "Supporting Files";
			sourceTree = "<group>";
		};
/* End PBXGroup section */

/* Begin PBXNativeTarget section */
		FFEC8F7D1F1E5B0700E961DA /* Cat Map */ = {
			isa = PBXNativeTarget;
			buildConfigurationList = FFEC8F951F1E5B0700E961DA /* Build configuration list for PBXNativeTarget "Cat Map" */;
			buildPhases = (
				FFEC8F7A1F1E5B0700E961DA /* Sources */,
				FFEC8F7B1F1E5B0700E961DA /* Frameworks */,
				FFEC8F7C1F1E5B0700E961DA /* Resources */,
			);
			buildRules = (
			);
			dependencies = (
			);
			name = "Cat Map";
			productName = "Cat Map";
			productReference = FFEC8F7E1F1E5B0700E961DA /* Cat Map.app */;
			productType = "com.apple.product-type.application";
		};
/* End PBXNativeTarget section */

/* Begin PBXProject section */
		FFEC8F761F1E5B0700E961DA /* Project object */ = {
			isa = PBXProject;
			attributes = {
				LastUpgradeCheck = 0830;
				ORGANIZATIONNAME = "Sav Inc.";
				TargetAttributes = {
					FFEC8F7D1F1E5B0700E961DA = {
						CreatedOnToolsVersion = 8.3.2;
						DevelopmentTeam = 76WZ7VC9P2;
						ProvisioningStyle = Automatic;
					};
				};
			};
			buildConfigurationList = FFEC8F791F1E5B0700E961DA /* Build configuration list for PBXProject "Cat Map" */;
			compatibilityVersion = "Xcode 3.2";
			developmentRegion = English;
			hasScannedForEncodings = 0;
			knownRegions = (
				en,
				Base,
			);
			mainGroup = FFEC8F751F1E5B0700E961DA;
			productRefGroup = FFEC8F7F1F1E5B0700E961DA /* Products */;
			projectDirPath = "";
			projectRoot = "";
			targets = (
				FFEC8F7D1F1E5B0700E961DA /* Cat Map */,
			);
		};
/* End PBXProject section */

/* Begin PBXResourcesBuildPhase section */
		FFEC8F7C1F1E5B0700E961DA /* Resources */ = {
			isa = PBXResourcesBuildPhase;
			buildActionMask = 2147483647;
			files = (
				FFEC8F911F1E5B0700E961DA /* LaunchScreen.storyboard in Resources */,
				FFEC8F8E1F1E5B0700E961DA /* Assets.xcassets in Resources */,
				FFEC8F8C1F1E5B0700E961DA /* Main.storyboard in Resources */,
			);
			runOnlyForDeploymentPostprocessing = 0;
		};
/* End PBXResourcesBuildPhase section */

/* Begin PBXSourcesBuildPhase section */
		FFEC8F7A1F1E5B0700E961DA /* Sources */ = {
			isa = PBXSourcesBuildPhase;
			buildActionMask = 2147483647;
			files = (
				FFEC8F891F1E5B0700E961DA /* ViewController.m in Sources */,
				FFEC8F9A1F1E5C0400E961DA /* PhotoCollectionViewCell.m in Sources */,
				FFEC8F861F1E5B0700E961DA /* AppDelegate.m in Sources */,
				FFEC8F9D1F1E5C7900E961DA /* Photo.m in Sources */,
				FFEC8F831F1E5B0700E961DA /* main.m in Sources */,
			);
			runOnlyForDeploymentPostprocessing = 0;
		};
/* End PBXSourcesBuildPhase section */

/* Begin PBXVariantGroup section */
		FFEC8F8A1F1E5B0700E961DA /* Main.storyboard */ = {
			isa = PBXVariantGroup;
			children = (
				FFEC8F8B1F1E5B0700E961DA /* Base */,
			);
			name = Main.storyboard;
			sourceTree = "<group>";
		};
		FFEC8F8F1F1E5B0700E961DA /* LaunchScreen.storyboard */ = {
			isa = PBXVariantGroup;
			children = (
				FFEC8F901F1E5B0700E961DA /* Base */,
			);
			name = LaunchScreen.storyboard;
			sourceTree = "<group>";
		};
/* End PBXVariantGroup section */

/* Begin XCBuildConfiguration section */
		FFEC8F931F1E5B0700E961DA /* Debug */ = {
			isa = XCBuildConfiguration;
			buildSettings = {
				ALWAYS_SEARCH_USER_PATHS = NO;
				CLANG_ANALYZER_NONNULL = YES;
				CLANG_ANALYZER_NUMBER_OBJECT_CONVERSION = YES_AGGRESSIVE;
				CLANG_CXX_LANGUAGE_STANDARD = "gnu++0x";
				CLANG_CXX_LIBRARY = "libc++";
				CLANG_ENABLE_MODULES = YES;
				CLANG_ENABLE_OBJC_ARC = YES;
				CLANG_WARN_BOOL_CONVERSION = YES;
				CLANG_WARN_CONSTANT_CONVERSION = YES;
				CLANG_WARN_DIRECT_OBJC_ISA_USAGE = YES_ERROR;
				CLANG_WARN_DOCUMENTATION_COMMENTS = YES;
				CLANG_WARN_EMPTY_BODY = YES;
				CLANG_WARN_ENUM_CONVERSION = YES;
				CLANG_WARN_INFINITE_RECURSION = YES;
				CLANG_WARN_INT_CONVERSION = YES;
				CLANG_WARN_OBJC_ROOT_CLASS = YES_ERROR;
				CLANG_WARN_SUSPICIOUS_MOVE = YES;
				CLANG_WARN_UNREACHABLE_CODE = YES;
				CLANG_WARN__DUPLICATE_METHOD_MATCH = YES;
				"CODE_SIGN_IDENTITY[sdk=iphoneos*]" = "iPhone Developer";
				COPY_PHASE_STRIP = NO;
				DEBUG_INFORMATION_FORMAT = dwarf;
				ENABLE_STRICT_OBJC_MSGSEND = YES;
				ENABLE_TESTABILITY = YES;
				GCC_C_LANGUAGE_STANDARD = gnu99;
				GCC_DYNAMIC_NO_PIC = NO;
				GCC_NO_COMMON_BLOCKS = YES;
				GCC_OPTIMIZATION_LEVEL = 0;
				GCC_PREPROCESSOR_DEFINITIONS = (
					"DEBUG=1",
					"$(inherited)",
				);
				GCC_WARN_64_TO_32_BIT_CONVERSION = YES;
				GCC_WARN_ABOUT_RETURN_TYPE = YES_ERROR;
				GCC_WARN_UNDECLARED_SELECTOR = YES;
				GCC_WARN_UNINITIALIZED_AUTOS = YES_AGGRESSIVE;
				GCC_WARN_UNUSED_FUNCTION = YES;
				GCC_WARN_UNUSED_VARIABLE = YES;
				IPHONEOS_DEPLOYMENT_TARGET = 10.3;
				MTL_ENABLE_DEBUG_INFO = YES;
				ONLY_ACTIVE_ARCH = YES;
				SDKROOT = iphoneos;
				TARGETED_DEVICE_FAMILY = "1,2";
			};
			name = Debug;
		};
		FFEC8F941F1E5B0700E961DA /* Release */ = {
			isa = XCBuildConfiguration;
			buildSettings = {
				ALWAYS_SEARCH_USER_PATHS = NO;
				CLANG_ANALYZER_NONNULL = YES;
				CLANG_ANALYZER_NUMBER_OBJECT_CONVERSION = YES_AGGRESSIVE;
				CLANG_CXX_LANGUAGE_STANDARD = "gnu++0x";
				CLANG_CXX_LIBRARY = "libc++";
				CLANG_ENABLE_MODULES = YES;
				CLANG_ENABLE_OBJC_ARC = YES;
				CLANG_WARN_BOOL_CONVERSION = YES;
				CLANG_WARN_CONSTANT_CONVERSION = YES;
				CLANG_WARN_DIRECT_OBJC_ISA_USAGE = YES_ERROR;
				CLANG_WARN_DOCUMENTATION_COMMENTS = YES;
				CLANG_WARN_EMPTY_BODY = YES;
				CLANG_WARN_ENUM_CONVERSION = YES;
				CLANG_WARN_INFINITE_RECURSION = YES;
				CLANG_WARN_INT_CONVERSION = YES;
				CLANG_WARN_OBJC_ROOT_CLASS = YES_ERROR;
				CLANG_WARN_SUSPICIOUS_MOVE = YES;
				CLANG_WARN_UNREACHABLE_CODE = YES;
				CLANG_WARN__DUPLICATE_METHOD_MATCH = YES;
				"CODE_SIGN_IDENTITY[sdk=iphoneos*]" = "iPhone Developer";
				COPY_PHASE_STRIP = NO;
				DEBUG_INFORMATION_FORMAT = "dwarf-with-dsym";
				ENABLE_NS_ASSERTIONS = NO;
				ENABLE_STRICT_OBJC_MSGSEND = YES;
				GCC_C_LANGUAGE_STANDARD = gnu99;
				GCC_NO_COMMON_BLOCKS = YES;
				GCC_WARN_64_TO_32_BIT_CONVERSION = YES;
				GCC_WARN_ABOUT_RETURN_TYPE = YES_ERROR;
				GCC_WARN_UNDECLARED_SELECTOR = YES;
				GCC_WARN_UNINITIALIZED_AUTOS = YES_AGGRESSIVE;
				GCC_WARN_UNUSED_FUNCTION = YES;
				GCC_WARN_UNUSED_VARIABLE = YES;
				IPHONEOS_DEPLOYMENT_TARGET = 10.3;
				MTL_ENABLE_DEBUG_INFO = NO;
				SDKROOT = iphoneos;
				TARGETED_DEVICE_FAMILY = "1,2";
				VALIDATE_PRODUCT = YES;
			};
			name = Release;
		};
		FFEC8F961F1E5B0700E961DA /* Debug */ = {
			isa = XCBuildConfiguration;
			buildSettings = {
				ASSETCATALOG_COMPILER_APPICON_NAME = AppIcon;
				DEVELOPMENT_TEAM = 76WZ7VC9P2;
				INFOPLIST_FILE = "Cat Map/Info.plist";
				LD_RUNPATH_SEARCH_PATHS = "$(inherited) @executable_path/Frameworks";
				PRODUCT_BUNDLE_IDENTIFIER = "Alex-Wymer.Cat-Map";
				PRODUCT_NAME = "$(TARGET_NAME)";
			};
			name = Debug;
		};
		FFEC8F971F1E5B0700E961DA /* Release */ = {
			isa = XCBuildConfiguration;
			buildSettings = {
				ASSETCATALOG_COMPILER_APPICON_NAME = AppIcon;
				DEVELOPMENT_TEAM = 76WZ7VC9P2;
				INFOPLIST_FILE = "Cat Map/Info.plist";
				LD_RUNPATH_SEARCH_PATHS = "$(inherited) @executable_path/Frameworks";
				PRODUCT_BUNDLE_IDENTIFIER = "Alex-Wymer.Cat-Map";
				PRODUCT_NAME = "$(TARGET_NAME)";
			};
			name = Release;
		};
/* End XCBuildConfiguration section */

/* Begin XCConfigurationList section */
		FFEC8F791F1E5B0700E961DA /* Build configuration list for PBXProject "Cat Map" */ = {
			isa = XCConfigurationList;
			buildConfigurations = (
				FFEC8F931F1E5B0700E961DA /* Debug */,
				FFEC8F941F1E5B0700E961DA /* Release */,
			);
			defaultConfigurationIsVisible = 0;
			defaultConfigurationName = Release;
		};
		FFEC8F951F1E5B0700E961DA /* Build configuration list for PBXNativeTarget "Cat Map" */ = {
			isa = XCConfigurationList;
			buildConfigurations = (
				FFEC8F961F1E5B0700E961DA /* Debug */,
				FFEC8F971F1E5B0700E961DA /* Release */,
			);
			defaultConfigurationIsVisible = 0;
		};
/* End XCConfigurationList section */
	};
	rootObject = FFEC8F761F1E5B0700E961DA /* Project object */;
}
